
Microsoft Visual Studio Solution File, Format Version 12.00
# Visual Studio Version 16
VisualStudioVersion = 16.0.31402.337
MinimumVisualStudioVersion = 10.0.40219.1
Project("{FAE04EC0-301F-11D3-BF4B-00C04F79EFBC}") = "TP_Type_List_Exemple4", "TP_Type_List_Exemple4.csproj", "{52BE6087-7FC5-4DB7-B074-C9BD0BEAB364}"
EndProject
Global
	GlobalSection(SolutionConfigurationPlatforms) = preSolution
		Debug|Any CPU = Debug|Any CPU
		Release|Any CPU = Release|Any CPU
	EndGlobalSection
	GlobalSection(ProjectConfigurationPlatforms) = postSolution
		{52BE6087-7FC5-4DB7-B074-C9BD0BEAB364}.Debug|Any CPU.ActiveCfg = Debug|Any CPU
		{52BE6087-7FC5-4DB7-B074-C9BD0BEAB364}.Debug|Any CPU.Build.0 = Debug|Any CPU
		{52BE6087-7FC5-4DB7-B074-C9BD0BEAB364}.Release|Any CPU.ActiveCfg = Release|Any CPU
		{52BE6087-7FC5-4DB7-B074-C9BD0BEAB364}.Release|Any CPU.Build.0 = Release|Any CPU
	EndGlobalSection
	GlobalSection(SolutionProperties) = preSolution
		HideSolutionNode = FALSE
	EndGlobalSection
	GlobalSection(ExtensibilityGlobals) = postSolution
		SolutionGuid = {3FF08BC8-A31F-4F85-9B90-480EB3956D3F}
	EndGlobalSection
EndGlobal
